# @generated by Move, please check-in and do not edit manually.

[move]
version = 2
manifest_digest = "1A07AAAF9F362989BAD17EDC81570A5E2097539485BEFE2DE1A629365D800E42"
deps_digest = "F8BBB0CCB2491CA29A3DF03D6F92277A4F3574266507ACD77214D37ECA3F3082"
dependencies = [
  { name = "Sui" },
]

[[move.package]]
name = "MoveStdlib"
source = { git = "https://github.com/MystenLabs/sui.git", rev = "framework/devnet", subdir = "crates/sui-framework/packages/move-stdlib" }

[[move.package]]
name = "Sui"
source = { git = "https://github.com/MystenLabs/sui.git", rev = "framework/devnet", subdir = "crates/sui-framework/packages/sui-framework" }

dependencies = [
  { name = "MoveStdlib" },
]

[move.toolchain-version]
compiler-version = "1.30.1"
edition = "2024.beta"
flavor = "sui"

[env]

[env.testnet]
chain-id = "4c78adac"
original-published-id = "0x6ead6ccf1847b241c39e99cdbcc449b6d82dbf6f73f276715a79db5625a363b7"
latest-published-id = "0x6ead6ccf1847b241c39e99cdbcc449b6d82dbf6f73f276715a79db5625a363b7"
published-version = "1"
